
Microsoft Visual Studio Solution File, Format Version 12.00
# Visual Studio Version 17
VisualStudioVersion = 17.12.35527.113
MinimumVisualStudioVersion = 10.0.40219.1
Project("{FAE04EC0-301F-11D3-BF4B-00C04F79EFBC}") = "CoffeeSharp.Domain", "CoffeeSharp.Domain\CoffeeSharp.Domain.csproj", "{FB9AFEEC-25EB-456B-B22F-77AA87D7057F}"
EndProject
Project("{FAE04EC0-301F-11D3-BF4B-00C04F79EFBC}") = "CoffeeSharp.Application", "CoffeeSharp.Application\CoffeeSharp.Application.csproj", "{7C494C6B-AAA5-45E2-931C-AB61E372C617}"
EndProject
Project("{FAE04EC0-301F-11D3-BF4B-00C04F79EFBC}") = "CoffeeSharp.Infrastructure", "CoffeeSharp.Infrastructure\CoffeeSharp.Infrastructure.csproj", "{578355EC-6E46-44E1-BD5C-6F9D1A4A347E}"
EndProject
Project("{FAE04EC0-301F-11D3-BF4B-00C04F79EFBC}") = "CoffeeSharp.WebApi", "CoffeeSharp.WebApi\CoffeeSharp.WebApi.csproj", "{37134017-2E20-4E56-AA0C-22EF788D8514}"
EndProject
Global
	GlobalSection(SolutionConfigurationPlatforms) = preSolution
		Debug|Any CPU = Debug|Any CPU
		Release|Any CPU = Release|Any CPU
	EndGlobalSection
	GlobalSection(ProjectConfigurationPlatforms) = postSolution
		{FB9AFEEC-25EB-456B-B22F-77AA87D7057F}.Debug|Any CPU.ActiveCfg = Debug|Any CPU
		{FB9AFEEC-25EB-456B-B22F-77AA87D7057F}.Debug|Any CPU.Build.0 = Debug|Any CPU
		{FB9AFEEC-25EB-456B-B22F-77AA87D7057F}.Release|Any CPU.ActiveCfg = Release|Any CPU
		{FB9AFEEC-25EB-456B-B22F-77AA87D7057F}.Release|Any CPU.Build.0 = Release|Any CPU
		{7C494C6B-AAA5-45E2-931C-AB61E372C617}.Debug|Any CPU.ActiveCfg = Debug|Any CPU
		{7C494C6B-AAA5-45E2-931C-AB61E372C617}.Debug|Any CPU.Build.0 = Debug|Any CPU
		{7C494C6B-AAA5-45E2-931C-AB61E372C617}.Release|Any CPU.ActiveCfg = Release|Any CPU
		{7C494C6B-AAA5-45E2-931C-AB61E372C617}.Release|Any CPU.Build.0 = Release|Any CPU
		{578355EC-6E46-44E1-BD5C-6F9D1A4A347E}.Debug|Any CPU.ActiveCfg = Debug|Any CPU
		{578355EC-6E46-44E1-BD5C-6F9D1A4A347E}.Debug|Any CPU.Build.0 = Debug|Any CPU
		{578355EC-6E46-44E1-BD5C-6F9D1A4A347E}.Release|Any CPU.ActiveCfg = Release|Any CPU
		{578355EC-6E46-44E1-BD5C-6F9D1A4A347E}.Release|Any CPU.Build.0 = Release|Any CPU
		{37134017-2E20-4E56-AA0C-22EF788D8514}.Debug|Any CPU.ActiveCfg = Debug|Any CPU
		{37134017-2E20-4E56-AA0C-22EF788D8514}.Debug|Any CPU.Build.0 = Debug|Any CPU
		{37134017-2E20-4E56-AA0C-22EF788D8514}.Release|Any CPU.ActiveCfg = Release|Any CPU
		{37134017-2E20-4E56-AA0C-22EF788D8514}.Release|Any CPU.Build.0 = Release|Any CPU
	EndGlobalSection
	GlobalSection(SolutionProperties) = preSolution
		HideSolutionNode = FALSE
	EndGlobalSection
EndGlobal
